
Microsoft Visual Studio Solution File, Format Version 12.00
# Visual Studio Version 17
VisualStudioVersion = 17.2.32516.85
MinimumVisualStudioVersion = 10.0.40219.1
Project("{FAE04EC0-301F-11D3-BF4B-00C04F79EFBC}") = "StaticExercise", "StaticExercise\StaticExercise.csproj", "{870A3264-4686-41E1-AD5F-CDBAA2EFFCD7}"
EndProject
Global
	GlobalSection(SolutionConfigurationPlatforms) = preSolution
		Debug|Any CPU = Debug|Any CPU
		Release|Any CPU = Release|Any CPU
	EndGlobalSection
	GlobalSection(ProjectConfigurationPlatforms) = postSolution
		{870A3264-4686-41E1-AD5F-CDBAA2EFFCD7}.Debug|Any CPU.ActiveCfg = Debug|Any CPU
		{870A3264-4686-41E1-AD5F-CDBAA2EFFCD7}.Debug|Any CPU.Build.0 = Debug|Any CPU
		{870A3264-4686-41E1-AD5F-CDBAA2EFFCD7}.Release|Any CPU.ActiveCfg = Release|Any CPU
		{870A3264-4686-41E1-AD5F-CDBAA2EFFCD7}.Release|Any CPU.Build.0 = Release|Any CPU
	EndGlobalSection
	GlobalSection(SolutionProperties) = preSolution
		HideSolutionNode = FALSE
	EndGlobalSection
	GlobalSection(ExtensibilityGlobals) = postSolution
		SolutionGuid = {DFF96E08-75F0-4C06-89F2-01B785EF9F2D}
	EndGlobalSection
EndGlobal
